<?xml version="1.0" encoding="utf-8"?>
<Project ToolsVersion="4.0" xmlns="http://schemas.microsoft.com/developer/msbuild/2003">
  <ItemGroup>
    <Filter Include="Source Files">
      <UniqueIdentifier>{4FC737F1-C7A5-4376-A066-2A32D752A2FF}</UniqueIdentifier>
      <Extensions>cpp;c;cc;cxx;c++;def;odl;idl;hpj;bat;asm;asmx</Extensions>
    </Filter>
    <Filter Include="Header Files">
      <UniqueIdentifier>{93995380-89BD-4b04-88EB-625FBE52EBFB}</UniqueIdentifier>
      <Extensions>h;hh;hpp;hxx;h++;hm;inl;inc;ipp;xsd</Extensions>
    </Filter>
    <Filter Include="Resource Files">
      <UniqueIdentifier>{67DA6AB6-F800-4c08-8B7A-83BB121AAD01}</UniqueIdentifier>
      <Extensions>rc;ico;cur;bmp;dlg;rc2;rct;bin;rgs;gif;jpg;jpeg;jpe;resx;tiff;tif;png;wav;mfcribbon-ms</Extensions>
    </Filter>
    <Filter Include="Source Files\sys">
      <UniqueIdentifier>{e488dcea-ff76-43b5-870d-cf445953d181}</UniqueIdentifier>
    </Filter>
    <Filter Include="Header Files\sys">
      <UniqueIdentifier>{15638a5b-aac4-414e-bc31-6e4a78282d93}</UniqueIdentifier>
    </Filter>
    <Filter Include="Source Files\game">
      <UniqueIdentifier>{6c179e9c-684f-4211-8a45-1d4cf0e5a8ca}</UniqueIdentifier>
    </Filter>
    <Filter Include="Header Files\game">
      <UniqueIdentifier>{386d577e-febf-4e56-bf98-4820dc00d9dd}</UniqueIdentifier>
    </Filter>
    <Filter Include="Source Files\game\object">
      <UniqueIdentifier>{5cbc312c-0184-4737-8fc7-1cf787592833}</UniqueIdentifier>
    </Filter>
    <Filter Include="Header Files\game\objects">
      <UniqueIdentifier>{240c7ffe-20f2-47ab-9acd-4507a2113ad6}</UniqueIdentifier>
    </Filter>
    <Filter Include="Header Files\game\pokemon">
      <UniqueIdentifier>{527b753c-87ab-472d-8f9f-6794fb3d6355}</UniqueIdentifier>
    </Filter>
    <Filter Include="Source Files\game\pokemon">
      <UniqueIdentifier>{a0ef9a50-1ee4-4fa2-9f19-410dc9f28c01}</UniqueIdentifier>
    </Filter>
    <Filter Include="Header Files\game\player">
      <UniqueIdentifier>{04ade856-cd34-40ac-91b4-29840eadb95e}</UniqueIdentifier>
    </Filter>
    <Filter Include="Source Files\game\player">
      <UniqueIdentifier>{830c08ac-6412-441b-97fb-5d291d8cf1f0}</UniqueIdentifier>
    </Filter>
  </ItemGroup>
  <ItemGroup>
    <ClCompile Include="src\main.cpp">
      <Filter>Source Files</Filter>
    </ClCompile>
    <ClCompile Include="src\sys\system.cpp">
      <Filter>Source Files\sys</Filter>
    </ClCompile>
    <ClCompile Include="src\sys\timer.cpp">
      <Filter>Source Files\sys</Filter>
    </ClCompile>
    <ClCompile Include="src\sys\utility.cpp">
      <Filter>Source Files\sys</Filter>
    </ClCompile>
    <ClCompile Include="src\sys\frame.cpp">
      <Filter>Source Files\sys</Filter>
    </ClCompile>
    <ClCompile Include="src\sys\input.cpp">
      <Filter>Source Files\sys</Filter>
    </ClCompile>
    <ClCompile Include="src\sys\render.cpp">
      <Filter>Source Files\sys</Filter>
    </ClCompile>
    <ClCompile Include="src\game\game.cpp">
      <Filter>Source Files\game</Filter>
    </ClCompile>
    <ClCompile Include="src\sys\resource_manager.cpp">
      <Filter>Source Files\sys</Filter>
    </ClCompile>
    <ClCompile Include="src\game\map.cpp">
      <Filter>Source Files\game</Filter>
    </ClCompile>
    <ClCompile Include="src\game\world.cpp">
      <Filter>Source Files\game</Filter>
    </ClCompile>
    <ClCompile Include="src\game\constants.cpp">
      <Filter>Source Files\game</Filter>
    </ClCompile>
    <ClCompile Include="src\game\sign.cpp">
      <Filter>Source Files\game</Filter>
    </ClCompile>
    <ClCompile Include="src\game\textbox.cpp">
      <Filter>Source Files\game</Filter>
    </ClCompile>
    <ClCompile Include="src\game\text.cpp">
      <Filter>Source Files\game</Filter>
    </ClCompile>
    <ClCompile Include="src\game\object.cpp">
      <Filter>Source Files\game\object</Filter>
    </ClCompile>
    <ClCompile Include="src\game\npc.cpp">
      <Filter>Source Files\game\object</Filter>
    </ClCompile>
    <ClCompile Include="src\game\trainer.cpp">
      <Filter>Source Files\game\object</Filter>
    </ClCompile>
    <ClCompile Include="src\game\item.cpp">
      <Filter>Source Files\game\object</Filter>
    </ClCompile>
    <ClCompile Include="src\game\lua.cpp">
      <Filter>Source Files\game</Filter>
    </ClCompile>
    <ClCompile Include="src\game\pokemon_data.cpp">
      <Filter>Source Files\game\pokemon</Filter>
    </ClCompile>
    <ClCompile Include="src\game\pokemon.cpp">
      <Filter>Source Files\game\pokemon</Filter>
    </ClCompile>
    <ClCompile Include="src\game\player.cpp">
      <Filter>Source Files\game\player</Filter>
    </ClCompile>
    <ClCompile Include="src\game\inventory.cpp">
      <Filter>Source Files\game\player</Filter>
    </ClCompile>
    <ClCompile Include="src\game\trainer_data.cpp">
      <Filter>Source Files\game</Filter>
    </ClCompile>
    <ClCompile Include="src\game\battle.cpp">
      <Filter>Source Files\game</Filter>
    </ClCompile>
  </ItemGroup>
  <ItemGroup>
    <ClInclude Include="src\sys\system.h">
      <Filter>Header Files\sys</Filter>
    </ClInclude>
    <ClInclude Include="src\sys\timer.h">
      <Filter>Header Files\sys</Filter>
    </ClInclude>
    <ClInclude Include="src\sys\utility.h">
      <Filter>Header Files\sys</Filter>
    </ClInclude>
    <ClInclude Include="src\sys\frame.h">
      <Filter>Header Files\sys</Filter>
    </ClInclude>
    <ClInclude Include="src\sys\input.h">
      <Filter>Header Files\sys</Filter>
    </ClInclude>
    <ClInclude Include="src\sys\render.h">
      <Filter>Header Files\sys</Filter>
    </ClInclude>
    <ClInclude Include="src\game\game.h">
      <Filter>Header Files\game</Filter>
    </ClInclude>
    <ClInclude Include="src\sys\resource_manager.h">
      <Filter>Header Files\sys</Filter>
    </ClInclude>
    <ClInclude Include="src\game\map.h">
      <Filter>Header Files\game</Filter>
    </ClInclude>
    <ClInclude Include="src\game\world.h">
      <Filter>Header Files\game</Filter>
    </ClInclude>
    <ClInclude Include="src\game\constants.h">
      <Filter>Header Files\game</Filter>
    </ClInclude>
    <ClInclude Include="src\game\enums.h">
      <Filter>Header Files\game</Filter>
    </ClInclude>
    <ClInclude Include="src\game\sign.h">
      <Filter>Header Files\game</Filter>
    </ClInclude>
    <ClInclude Include="src\game\textbox.h">
      <Filter>Header Files\game</Filter>
    </ClInclude>
    <ClInclude Include="src\game\text.h">
      <Filter>Header Files\game</Filter>
    </ClInclude>
    <ClInclude Include="src\game\npc.h">
      <Filter>Header Files\game\objects</Filter>
    </ClInclude>
    <ClInclude Include="src\game\object.h">
      <Filter>Header Files\game\objects</Filter>
    </ClInclude>
    <ClInclude Include="src\game\trainer.h">
      <Filter>Header Files\game\objects</Filter>
    </ClInclude>
    <ClInclude Include="src\game\item.h">
      <Filter>Header Files\game\objects</Filter>
    </ClInclude>
    <ClInclude Include="src\game\lua.h">
      <Filter>Header Files\game</Filter>
    </ClInclude>
    <ClInclude Include="src\game\pokemon_data.h">
      <Filter>Header Files\game\pokemon</Filter>
    </ClInclude>
    <ClInclude Include="src\game\pokemon.h">
      <Filter>Header Files\game\pokemon</Filter>
    </ClInclude>
    <ClInclude Include="src\game\player.h">
      <Filter>Header Files\game\player</Filter>
    </ClInclude>
    <ClInclude Include="src\game\inventory.h">
      <Filter>Header Files\game\player</Filter>
    </ClInclude>
    <ClInclude Include="src\game\trainer_data.h">
      <Filter>Header Files\game</Filter>
    </ClInclude>
    <ClInclude Include="src\game\battle.h">
      <Filter>Header Files\game</Filter>
    </ClInclude>
  </ItemGroup>
</Project>